// !$*UTF8*$!
{
	archiveVersion = 1;
	classes = {
	};
	objectVersion = 46;
	objects = {

/* Begin PBXBuildFile section */
		0EE538FE1B83C7B20029364B /* AppDelegate.swift in Sources */ = {isa = PBXBuildFile; fileRef = 0EE538FD1B83C7B20029364B /* AppDelegate.swift */; };
		0EE539001B83C7B20029364B /* ViewController.swift in Sources */ = {isa = PBXBuildFile; fileRef = 0EE538FF1B83C7B20029364B /* ViewController.swift */; };
		0EE539031B83C7B20029364B /* Main.storyboard in Resources */ = {isa = PBXBuildFile; fileRef = 0EE539011B83C7B20029364B /* Main.storyboard */; };
		0EE539051B83C7B20029364B /* Images.xcassets in Resources */ = {isa = PBXBuildFile; fileRef = 0EE539041B83C7B20029364B /* Images.xcassets */; };
		0EE539081B83C7B20029364B /* LaunchScreen.xib in Resources */ = {isa = PBXBuildFile; fileRef = 0EE539061B83C7B20029364B /* LaunchScreen.xib */; };
		0EE539141B83C7B20029364B /* AlertPresenterViewControllerTests.swift in Sources */ = {isa = PBXBuildFile; fileRef = 0EE539131B83C7B20029364B /* AlertPresenterViewControllerTests.swift */; };
		0EE539261B83E9B80029364B /* AlertControllerManager.swift in Sources */ = {isa = PBXBuildFile; fileRef = 0EE539231B83E9B80029364B /* AlertControllerManager.swift */; };
		0EE539271B83E9B80029364B /* AlertPresenterViewController.swift in Sources */ = {isa = PBXBuildFile; fileRef = 0EE539241B83E9B80029364B /* AlertPresenterViewController.swift */; };
		0EE539281B83E9B80029364B /* PresentAlertOperation.swift in Sources */ = {isa = PBXBuildFile; fileRef = 0EE539251B83E9B80029364B /* PresentAlertOperation.swift */; };
/* End PBXBuildFile section */

/* Begin PBXContainerItemProxy section */
		0EE5390E1B83C7B20029364B /* PBXContainerItemProxy */ = {
			isa = PBXContainerItemProxy;
			containerPortal = 0EE538F01B83C7B20029364B /* Project object */;
			proxyType = 1;
			remoteGlobalIDString = 0EE538F71B83C7B20029364B;
			remoteInfo = AlertPresenterViewController;
		};
/* End PBXContainerItemProxy section */

/* Begin PBXFileReference section */
		0EE538F81B83C7B20029364B /* AlertPresenterViewController.app */ = {isa = PBXFileReference; explicitFileType = wrapper.application; includeInIndex = 0; path = AlertPresenterViewController.app; sourceTree = BUILT_PRODUCTS_DIR; };
		0EE538FC1B83C7B20029364B /* Info.plist */ = {isa = PBXFileReference; lastKnownFileType = text.plist.xml; path = Info.plist; sourceTree = "<group>"; };
		0EE538FD1B83C7B20029364B /* AppDelegate.swift */ = {isa = PBXFileReference; lastKnownFileType = sourcecode.swift; path = AppDelegate.swift; sourceTree = "<group>"; };
		0EE538FF1B83C7B20029364B /* ViewController.swift */ = {isa = PBXFileReference; lastKnownFileType = sourcecode.swift; path = ViewController.swift; sourceTree = "<group>"; };
		0EE539021B83C7B20029364B /* Base */ = {isa = PBXFileReference; lastKnownFileType = file.storyboard; name = Base; path = Base.lproj/Main.storyboard; sourceTree = "<group>"; };
		0EE539041B83C7B20029364B /* Images.xcassets */ = {isa = PBXFileReference; lastKnownFileType = folder.assetcatalog; path = Images.xcassets; sourceTree = "<group>"; };
		0EE539071B83C7B20029364B /* Base */ = {isa = PBXFileReference; lastKnownFileType = file.xib; name = Base; path = Base.lproj/LaunchScreen.xib; sourceTree = "<group>"; };
		0EE5390D1B83C7B20029364B /* AlertPresenterViewControllerTests.xctest */ = {isa = PBXFileReference; explicitFileType = wrapper.cfbundle; includeInIndex = 0; path = AlertPresenterViewControllerTests.xctest; sourceTree = BUILT_PRODUCTS_DIR; };
		0EE539121B83C7B20029364B /* Info.plist */ = {isa = PBXFileReference; lastKnownFileType = text.plist.xml; path = Info.plist; sourceTree = "<group>"; };
		0EE539131B83C7B20029364B /* AlertPresenterViewControllerTests.swift */ = {isa = PBXFileReference; lastKnownFileType = sourcecode.swift; path = AlertPresenterViewControllerTests.swift; sourceTree = "<group>"; };
		0EE539231B83E9B80029364B /* AlertControllerManager.swift */ = {isa = PBXFileReference; fileEncoding = 4; lastKnownFileType = sourcecode.swift; path = AlertControllerManager.swift; sourceTree = "<group>"; };
		0EE539241B83E9B80029364B /* AlertPresenterViewController.swift */ = {isa = PBXFileReference; fileEncoding = 4; lastKnownFileType = sourcecode.swift; path = AlertPresenterViewController.swift; sourceTree = "<group>"; };
		0EE539251B83E9B80029364B /* PresentAlertOperation.swift */ = {isa = PBXFileReference; fileEncoding = 4; lastKnownFileType = sourcecode.swift; path = PresentAlertOperation.swift; sourceTree = "<group>"; };
/* End PBXFileReference section */

/* Begin PBXFrameworksBuildPhase section */
		0EE538F51B83C7B20029364B /* Frameworks */ = {
			isa = PBXFrameworksBuildPhase;
			buildActionMask = 2147483647;
			files = (
			);
			runOnlyForDeploymentPostprocessing = 0;
		};
		0EE5390A1B83C7B20029364B /* Frameworks */ = {
			isa = PBXFrameworksBuildPhase;
			buildActionMask = 2147483647;
			files = (
			);
			runOnlyForDeploymentPostprocessing = 0;
		};
/* End PBXFrameworksBuildPhase section */

/* Begin PBXGroup section */
		0EE538EF1B83C7B20029364B = {
			isa = PBXGroup;
			children = (
				0EE539221B83E9B80029364B /* AlertManager */,
				0EE538FA1B83C7B20029364B /* AlertPresenterViewController */,
				0EE539101B83C7B20029364B /* AlertPresenterViewControllerTests */,
				0EE538F91B83C7B20029364B /* Products */,
			);
			sourceTree = "<group>";
		};
		0EE538F91B83C7B20029364B /* Products */ = {
			isa = PBXGroup;
			children = (
				0EE538F81B83C7B20029364B /* AlertPresenterViewController.app */,
				0EE5390D1B83C7B20029364B /* AlertPresenterViewControllerTests.xctest */,
			);
			name = Products;
			sourceTree = "<group>";
		};
		0EE538FA1B83C7B20029364B /* AlertPresenterViewController */ = {
			isa = PBXGroup;
			children = (
				0EE538FD1B83C7B20029364B /* AppDelegate.swift */,
				0EE538FF1B83C7B20029364B /* ViewController.swift */,
				0EE539011B83C7B20029364B /* Main.storyboard */,
				0EE539041B83C7B20029364B /* Images.xcassets */,
				0EE539061B83C7B20029364B /* LaunchScreen.xib */,
				0EE538FB1B83C7B20029364B /* Supporting Files */,
			);
			path = AlertPresenterViewController;
			sourceTree = "<group>";
		};
		0EE538FB1B83C7B20029364B /* Supporting Files */ = {
			isa = PBXGroup;
			children = (
				0EE538FC1B83C7B20029364B /* Info.plist */,
			);
			name = "Supporting Files";
			sourceTree = "<group>";
		};
		0EE539101B83C7B20029364B /* AlertPresenterViewControllerTests */ = {
			isa = PBXGroup;
			children = (
				0EE539131B83C7B20029364B /* AlertPresenterViewControllerTests.swift */,
				0EE539111B83C7B20029364B /* Supporting Files */,
			);
			path = AlertPresenterViewControllerTests;
			sourceTree = "<group>";
		};
		0EE539111B83C7B20029364B /* Supporting Files */ = {
			isa = PBXGroup;
			children = (
				0EE539121B83C7B20029364B /* Info.plist */,
			);
			name = "Supporting Files";
			sourceTree = "<group>";
		};
		0EE539221B83E9B80029364B /* AlertManager */ = {
			isa = PBXGroup;
			children = (
				0EE539231B83E9B80029364B /* AlertControllerManager.swift */,
				0EE539241B83E9B80029364B /* AlertPresenterViewController.swift */,
				0EE539251B83E9B80029364B /* PresentAlertOperation.swift */,
			);
			name = AlertManager;
			path = ../AlertManager;
			sourceTree = "<group>";
		};
/* End PBXGroup section */

/* Begin PBXNativeTarget section */
		0EE538F71B83C7B20029364B /* AlertPresenterViewController */ = {
			isa = PBXNativeTarget;
			buildConfigurationList = 0EE539171B83C7B20029364B /* Build configuration list for PBXNativeTarget "AlertPresenterViewController" */;
			buildPhases = (
				0EE538F41B83C7B20029364B /* Sources */,
				0EE538F51B83C7B20029364B /* Frameworks */,
				0EE538F61B83C7B20029364B /* Resources */,
			);
			buildRules = (
			);
			dependencies = (
			);
			name = AlertPresenterViewController;
			productName = AlertPresenterViewController;
			productReference = 0EE538F81B83C7B20029364B /* AlertPresenterViewController.app */;
			productType = "com.apple.product-type.application";
		};
		0EE5390C1B83C7B20029364B /* AlertPresenterViewControllerTests */ = {
			isa = PBXNativeTarget;
			buildConfigurationList = 0EE5391A1B83C7B20029364B /* Build configuration list for PBXNativeTarget "AlertPresenterViewControllerTests" */;
			buildPhases = (
				0EE539091B83C7B20029364B /* Sources */,
				0EE5390A1B83C7B20029364B /* Frameworks */,
				0EE5390B1B83C7B20029364B /* Resources */,
			);
			buildRules = (
			);
			dependencies = (
				0EE5390F1B83C7B20029364B /* PBXTargetDependency */,
			);
			name = AlertPresenterViewControllerTests;
			productName = AlertPresenterViewControllerTests;
			productReference = 0EE5390D1B83C7B20029364B /* AlertPresenterViewControllerTests.xctest */;
			productType = "com.apple.product-type.bundle.unit-test";
		};
/* End PBXNativeTarget section */

/* Begin PBXProject section */
		0EE538F01B83C7B20029364B /* Project object */ = {
			isa = PBXProject;
			attributes = {
				LastUpgradeCheck = 0640;
				ORGANIZATIONNAME = LOL;
				TargetAttributes = {
					0EE538F71B83C7B20029364B = {
						CreatedOnToolsVersion = 6.4;
					};
					0EE5390C1B83C7B20029364B = {
						CreatedOnToolsVersion = 6.4;
						TestTargetID = 0EE538F71B83C7B20029364B;
					};
				};
			};
			buildConfigurationList = 0EE538F31B83C7B20029364B /* Build configuration list for PBXProject "AlertPresenterViewController" */;
			compatibilityVersion = "Xcode 3.2";
			developmentRegion = English;
			hasScannedForEncodings = 0;
			knownRegions = (
				en,
				Base,
			);
			mainGroup = 0EE538EF1B83C7B20029364B;
			productRefGroup = 0EE538F91B83C7B20029364B /* Products */;
			projectDirPath = "";
			projectRoot = "";
			targets = (
				0EE538F71B83C7B20029364B /* AlertPresenterViewController */,
				0EE5390C1B83C7B20029364B /* AlertPresenterViewControllerTests */,
			);
		};
/* End PBXProject section */

/* Begin PBXResourcesBuildPhase section */
		0EE538F61B83C7B20029364B /* Resources */ = {
			isa = PBXResourcesBuildPhase;
			buildActionMask = 2147483647;
			files = (
				0EE539031B83C7B20029364B /* Main.storyboard in Resources */,
				0EE539081B83C7B20029364B /* LaunchScreen.xib in Resources */,
				0EE539051B83C7B20029364B /* Images.xcassets in Resources */,
			);
			runOnlyForDeploymentPostprocessing = 0;
		};
		0EE5390B1B83C7B20029364B /* Resources */ = {
			isa = PBXResourcesBuildPhase;
			buildActionMask = 2147483647;
			files = (
			);
			runOnlyForDeploymentPostprocessing = 0;
		};
/* End PBXResourcesBuildPhase section */

/* Begin PBXSourcesBuildPhase section */
		0EE538F41B83C7B20029364B /* Sources */ = {
			isa = PBXSourcesBuildPhase;
			buildActionMask = 2147483647;
			files = (
				0EE539281B83E9B80029364B /* PresentAlertOperation.swift in Sources */,
				0EE539271B83E9B80029364B /* AlertPresenterViewController.swift in Sources */,
				0EE539001B83C7B20029364B /* ViewController.swift in Sources */,
				0EE539261B83E9B80029364B /* AlertControllerManager.swift in Sources */,
				0EE538FE1B83C7B20029364B /* AppDelegate.swift in Sources */,
			);
			runOnlyForDeploymentPostprocessing = 0;
		};
		0EE539091B83C7B20029364B /* Sources */ = {
			isa = PBXSourcesBuildPhase;
			buildActionMask = 2147483647;
			files = (
				0EE539141B83C7B20029364B /* AlertPresenterViewControllerTests.swift in Sources */,
			);
			runOnlyForDeploymentPostprocessing = 0;
		};
/* End PBXSourcesBuildPhase section */

/* Begin PBXTargetDependency section */
		0EE5390F1B83C7B20029364B /* PBXTargetDependency */ = {
			isa = PBXTargetDependency;
			target = 0EE538F71B83C7B20029364B /* AlertPresenterViewController */;
			targetProxy = 0EE5390E1B83C7B20029364B /* PBXContainerItemProxy */;
		};
/* End PBXTargetDependency section */

/* Begin PBXVariantGroup section */
		0EE539011B83C7B20029364B /* Main.storyboard */ = {
			isa = PBXVariantGroup;
			children = (
				0EE539021B83C7B20029364B /* Base */,
			);
			name = Main.storyboard;
			sourceTree = "<group>";
		};
		0EE539061B83C7B20029364B /* LaunchScreen.xib */ = {
			isa = PBXVariantGroup;
			children = (
				0EE539071B83C7B20029364B /* Base */,
			);
			name = LaunchScreen.xib;
			sourceTree = "<group>";
		};
/* End PBXVariantGroup section */

/* Begin XCBuildConfiguration section */
		0EE539151B83C7B20029364B /* Debug */ = {
			isa = XCBuildConfiguration;
			buildSettings = {
				ALWAYS_SEARCH_USER_PATHS = NO;
				CLANG_CXX_LANGUAGE_STANDARD = "gnu++0x";
				CLANG_CXX_LIBRARY = "libc++";
				CLANG_ENABLE_MODULES = YES;
				CLANG_ENABLE_OBJC_ARC = YES;
				CLANG_WARN_BOOL_CONVERSION = YES;
				CLANG_WARN_CONSTANT_CONVERSION = YES;
				CLANG_WARN_DIRECT_OBJC_ISA_USAGE = YES_ERROR;
				CLANG_WARN_EMPTY_BODY = YES;
				CLANG_WARN_ENUM_CONVERSION = YES;
				CLANG_WARN_INT_CONVERSION = YES;
				CLANG_WARN_OBJC_ROOT_CLASS = YES_ERROR;
				CLANG_WARN_UNREACHABLE_CODE = YES;
				CLANG_WARN__DUPLICATE_METHOD_MATCH = YES;
				"CODE_SIGN_IDENTITY[sdk=iphoneos*]" = "iPhone Developer";
				COPY_PHASE_STRIP = NO;
				DEBUG_INFORMATION_FORMAT = "dwarf-with-dsym";
				ENABLE_STRICT_OBJC_MSGSEND = YES;
				GCC_C_LANGUAGE_STANDARD = gnu99;
				GCC_DYNAMIC_NO_PIC = NO;
				GCC_NO_COMMON_BLOCKS = YES;
				GCC_OPTIMIZATION_LEVEL = 0;
				GCC_PREPROCESSOR_DEFINITIONS = (
					"DEBUG=1",
					"$(inherited)",
				);
				GCC_SYMBOLS_PRIVATE_EXTERN = NO;
				GCC_WARN_64_TO_32_BIT_CONVERSION = YES;
				GCC_WARN_ABOUT_RETURN_TYPE = YES_ERROR;
				GCC_WARN_UNDECLARED_SELECTOR = YES;
				GCC_WARN_UNINITIALIZED_AUTOS = YES_AGGRESSIVE;
				GCC_WARN_UNUSED_FUNCTION = YES;
				GCC_WARN_UNUSED_VARIABLE = YES;
				IPHONEOS_DEPLOYMENT_TARGET = 8.4;
				MTL_ENABLE_DEBUG_INFO = YES;
				ONLY_ACTIVE_ARCH = YES;
				SDKROOT = iphoneos;
				SWIFT_OPTIMIZATION_LEVEL = "-Onone";
			};
			name = Debug;
		};
		0EE539161B83C7B20029364B /* Release */ = {
			isa = XCBuildConfiguration;
			buildSettings = {
				ALWAYS_SEARCH_USER_PATHS = NO;
				CLANG_CXX_LANGUAGE_STANDARD = "gnu++0x";
				CLANG_CXX_LIBRARY = "libc++";
				CLANG_ENABLE_MODULES = YES;
				CLANG_ENABLE_OBJC_ARC = YES;
				CLANG_WARN_BOOL_CONVERSION = YES;
				CLANG_WARN_CONSTANT_CONVERSION = YES;
				CLANG_WARN_DIRECT_OBJC_ISA_USAGE = YES_ERROR;
				CLANG_WARN_EMPTY_BODY = YES;
				CLANG_WARN_ENUM_CONVERSION = YES;
				CLANG_WARN_INT_CONVERSION = YES;
				CLANG_WARN_OBJC_ROOT_CLASS = YES_ERROR;
				CLANG_WARN_UNREACHABLE_CODE = YES;
				CLANG_WARN__DUPLICATE_METHOD_MATCH = YES;
				"CODE_SIGN_IDENTITY[sdk=iphoneos*]" = "iPhone Developer";
				COPY_PHASE_STRIP = NO;
				DEBUG_INFORMATION_FORMAT = "dwarf-with-dsym";
				ENABLE_NS_ASSERTIONS = NO;
				ENABLE_STRICT_OBJC_MSGSEND = YES;
				GCC_C_LANGUAGE_STANDARD = gnu99;
				GCC_NO_COMMON_BLOCKS = YES;
				GCC_WARN_64_TO_32_BIT_CONVERSION = YES;
				GCC_WARN_ABOUT_RETURN_TYPE = YES_ERROR;
				GCC_WARN_UNDECLARED_SELECTOR = YES;
				GCC_WARN_UNINITIALIZED_AUTOS = YES_AGGRESSIVE;
				GCC_WARN_UNUSED_FUNCTION = YES;
				GCC_WARN_UNUSED_VARIABLE = YES;
				IPHONEOS_DEPLOYMENT_TARGET = 8.4;
				MTL_ENABLE_DEBUG_INFO = NO;
				SDKROOT = iphoneos;
				VALIDATE_PRODUCT = YES;
			};
			name = Release;
		};
		0EE539181B83C7B20029364B /* Debug */ = {
			isa = XCBuildConfiguration;
			buildSettings = {
				ASSETCATALOG_COMPILER_APPICON_NAME = AppIcon;
				INFOPLIST_FILE = AlertPresenterViewController/Info.plist;
				LD_RUNPATH_SEARCH_PATHS = "$(inherited) @executable_path/Frameworks";
				PRODUCT_NAME = "$(TARGET_NAME)";
			};
			name = Debug;
		};
		0EE539191B83C7B20029364B /* Release */ = {
			isa = XCBuildConfiguration;
			buildSettings = {
				ASSETCATALOG_COMPILER_APPICON_NAME = AppIcon;
				INFOPLIST_FILE = AlertPresenterViewController/Info.plist;
				LD_RUNPATH_SEARCH_PATHS = "$(inherited) @executable_path/Frameworks";
				PRODUCT_NAME = "$(TARGET_NAME)";
			};
			name = Release;
		};
		0EE5391B1B83C7B20029364B /* Debug */ = {
			isa = XCBuildConfiguration;
			buildSettings = {
				BUNDLE_LOADER = "$(TEST_HOST)";
				FRAMEWORK_SEARCH_PATHS = (
					"$(SDKROOT)/Developer/Library/Frameworks",
					"$(inherited)",
				);
				GCC_PREPROCESSOR_DEFINITIONS = (
					"DEBUG=1",
					"$(inherited)",
				);
				INFOPLIST_FILE = AlertPresenterViewControllerTests/Info.plist;
				LD_RUNPATH_SEARCH_PATHS = "$(inherited) @executable_path/Frameworks @loader_path/Frameworks";
				PRODUCT_NAME = "$(TARGET_NAME)";
				TEST_HOST = "$(BUILT_PRODUCTS_DIR)/AlertPresenterViewController.app/AlertPresenterViewController";
			};
			name = Debug;
		};
		0EE5391C1B83C7B20029364B /* Release */ = {
			isa = XCBuildConfiguration;
			buildSettings = {
				BUNDLE_LOADER = "$(TEST_HOST)";
				FRAMEWORK_SEARCH_PATHS = (
					"$(SDKROOT)/Developer/Library/Frameworks",
					"$(inherited)",
				);
				INFOPLIST_FILE = AlertPresenterViewControllerTests/Info.plist;
				LD_RUNPATH_SEARCH_PATHS = "$(inherited) @executable_path/Frameworks @loader_path/Frameworks";
				PRODUCT_NAME = "$(TARGET_NAME)";
				TEST_HOST = "$(BUILT_PRODUCTS_DIR)/AlertPresenterViewController.app/AlertPresenterViewController";
			};
			name = Release;
		};
/* End XCBuildConfiguration section */

/* Begin XCConfigurationList section */
		0EE538F31B83C7B20029364B /* Build configuration list for PBXProject "AlertPresenterViewController" */ = {
			isa = XCConfigurationList;
			buildConfigurations = (
				0EE539151B83C7B20029364B /* Debug */,
				0EE539161B83C7B20029364B /* Release */,
			);
			defaultConfigurationIsVisible = 0;
			defaultConfigurationName = Release;
		};
		0EE539171B83C7B20029364B /* Build configuration list for PBXNativeTarget "AlertPresenterViewController" */ = {
			isa = XCConfigurationList;
			buildConfigurations = (
				0EE539181B83C7B20029364B /* Debug */,
				0EE539191B83C7B20029364B /* Release */,
			);
			defaultConfigurationIsVisible = 0;
			defaultConfigurationName = Release;
		};
		0EE5391A1B83C7B20029364B /* Build configuration list for PBXNativeTarget "AlertPresenterViewControllerTests" */ = {
			isa = XCConfigurationList;
			buildConfigurations = (
				0EE5391B1B83C7B20029364B /* Debug */,
				0EE5391C1B83C7B20029364B /* Release */,
			);
			defaultConfigurationIsVisible = 0;
			defaultConfigurationName = Release;
		};
/* End XCConfigurationList section */
	};
	rootObject = 0EE538F01B83C7B20029364B /* Project object */;
}
